
Microsoft Visual Studio Solution File, Format Version 12.00
# Visual Studio 14
VisualStudioVersion = 14.0.23107.0
MinimumVisualStudioVersion = 10.0.40219.1
Project("{8BC9CEB8-8B4A-11D0-8D11-00A0C91BC942}") = "LazyFooSDL", "LazyFooSDL\LazyFooSDL.vcxproj", "{FAFB4C45-34DF-4E01-8E13-681EB3DB8D7D}"
EndProject
Global
	GlobalSection(SolutionConfigurationPlatforms) = preSolution
		Debug|x64 = Debug|x64
		Debug|x86 = Debug|x86
		Release|x64 = Release|x64
		Release|x86 = Release|x86
	EndGlobalSection
	GlobalSection(ProjectConfigurationPlatforms) = postSolution
		{FAFB4C45-34DF-4E01-8E13-681EB3DB8D7D}.Debug|x64.ActiveCfg = Debug|Win32
		{FAFB4C45-34DF-4E01-8E13-681EB3DB8D7D}.Debug|x64.Build.0 = Debug|Win32
		{FAFB4C45-34DF-4E01-8E13-681EB3DB8D7D}.Debug|x86.ActiveCfg = Debug|Win32
		{FAFB4C45-34DF-4E01-8E13-681EB3DB8D7D}.Debug|x86.Build.0 = Debug|Win32
		{FAFB4C45-34DF-4E01-8E13-681EB3DB8D7D}.Release|x64.ActiveCfg = Release|x64
		{FAFB4C45-34DF-4E01-8E13-681EB3DB8D7D}.Release|x64.Build.0 = Release|x64
		{FAFB4C45-34DF-4E01-8E13-681EB3DB8D7D}.Release|x86.ActiveCfg = Release|Win32
		{FAFB4C45-34DF-4E01-8E13-681EB3DB8D7D}.Release|x86.Build.0 = Release|Win32
	EndGlobalSection
	GlobalSection(SolutionProperties) = preSolution
		HideSolutionNode = FALSE
	EndGlobalSection
EndGlobal
